
Microsoft Visual Studio Solution File, Format Version 12.00
# Visual Studio Version 17
VisualStudioVersion = 17.3.32804.467
MinimumVisualStudioVersion = 10.0.40219.1
Project("{9A19103F-16F7-4668-BE54-9A1E7A4F7556}") = "Day1.CalorieCounting", "Day1.CalorieCounting\Day1.CalorieCounting.csproj", "{CAE2190F-1D4D-4FAB-B5E6-7B9E77CE2695}"
EndProject
Project("{9A19103F-16F7-4668-BE54-9A1E7A4F7556}") = "Day2.RockPaperScissors", "Day2.RockPaperScissors\Day2.RockPaperScissors.csproj", "{870C4EF6-BF6C-47C4-B900-7DCD5556106A}"
EndProject
Project("{2150E333-8FDC-42A3-9474-1A3956D46DE8}") = "Solution Items", "Solution Items", "{84EDA96C-BB29-4DF6-9607-49AFCD97720F}"
	ProjectSection(SolutionItems) = preProject
		InputFile.txt = InputFile.txt
	EndProjectSection
EndProject
Project("{9A19103F-16F7-4668-BE54-9A1E7A4F7556}") = "Day3.Rucksack.Reorganization", "Day3\Day3.Rucksack.Reorganization.csproj", "{0AB332A7-CE68-4F4D-B603-E05B6AC1D1E1}"
EndProject
Project("{9A19103F-16F7-4668-BE54-9A1E7A4F7556}") = "Day4.CampCleanup", "Day4.CampCleanup\Day4.CampCleanup.csproj", "{48936135-B935-4B09-AC56-F008F7A1FF8E}"
EndProject
Project("{9A19103F-16F7-4668-BE54-9A1E7A4F7556}") = "Day5.SupplyStacks", "Day5.SupplyStacks\Day5.SupplyStacks.csproj", "{8ACB1DA8-382E-467B-A479-AD643736BD12}"
EndProject
Project("{9A19103F-16F7-4668-BE54-9A1E7A4F7556}") = "Day6.TuningTrouble", "Day6.TuningTrouble\Day6.TuningTrouble.csproj", "{AA5B680F-5E7D-4E50-993A-C529D18E5043}"
EndProject
Project("{9A19103F-16F7-4668-BE54-9A1E7A4F7556}") = "Day7.NoSpaceLeftOnDevice", "Day7.NoSpaceLeftOnDevice\Day7.NoSpaceLeftOnDevice.csproj", "{617FC74D-4603-4EDA-807E-31D8AB075E3E}"
EndProject
Project("{FAE04EC0-301F-11D3-BF4B-00C04F79EFBC}") = "Day8.TreetopTreeHouse", "Day8.TreetopTreeHouse\Day8.TreetopTreeHouse.csproj", "{DEC3382D-28AB-4BF2-B3FF-770C0B61F865}"
EndProject
Global
	GlobalSection(SolutionConfigurationPlatforms) = preSolution
		Debug|Any CPU = Debug|Any CPU
		Release|Any CPU = Release|Any CPU
	EndGlobalSection
	GlobalSection(ProjectConfigurationPlatforms) = postSolution
		{CAE2190F-1D4D-4FAB-B5E6-7B9E77CE2695}.Debug|Any CPU.ActiveCfg = Debug|Any CPU
		{CAE2190F-1D4D-4FAB-B5E6-7B9E77CE2695}.Debug|Any CPU.Build.0 = Debug|Any CPU
		{CAE2190F-1D4D-4FAB-B5E6-7B9E77CE2695}.Release|Any CPU.ActiveCfg = Release|Any CPU
		{CAE2190F-1D4D-4FAB-B5E6-7B9E77CE2695}.Release|Any CPU.Build.0 = Release|Any CPU
		{870C4EF6-BF6C-47C4-B900-7DCD5556106A}.Debug|Any CPU.ActiveCfg = Debug|Any CPU
		{870C4EF6-BF6C-47C4-B900-7DCD5556106A}.Debug|Any CPU.Build.0 = Debug|Any CPU
		{870C4EF6-BF6C-47C4-B900-7DCD5556106A}.Release|Any CPU.ActiveCfg = Release|Any CPU
		{870C4EF6-BF6C-47C4-B900-7DCD5556106A}.Release|Any CPU.Build.0 = Release|Any CPU
		{0AB332A7-CE68-4F4D-B603-E05B6AC1D1E1}.Debug|Any CPU.ActiveCfg = Debug|Any CPU
		{0AB332A7-CE68-4F4D-B603-E05B6AC1D1E1}.Debug|Any CPU.Build.0 = Debug|Any CPU
		{0AB332A7-CE68-4F4D-B603-E05B6AC1D1E1}.Release|Any CPU.ActiveCfg = Release|Any CPU
		{0AB332A7-CE68-4F4D-B603-E05B6AC1D1E1}.Release|Any CPU.Build.0 = Release|Any CPU
		{48936135-B935-4B09-AC56-F008F7A1FF8E}.Debug|Any CPU.ActiveCfg = Debug|Any CPU
		{48936135-B935-4B09-AC56-F008F7A1FF8E}.Debug|Any CPU.Build.0 = Debug|Any CPU
		{48936135-B935-4B09-AC56-F008F7A1FF8E}.Release|Any CPU.ActiveCfg = Release|Any CPU
		{48936135-B935-4B09-AC56-F008F7A1FF8E}.Release|Any CPU.Build.0 = Release|Any CPU
		{8ACB1DA8-382E-467B-A479-AD643736BD12}.Debug|Any CPU.ActiveCfg = Debug|Any CPU
		{8ACB1DA8-382E-467B-A479-AD643736BD12}.Debug|Any CPU.Build.0 = Debug|Any CPU
		{8ACB1DA8-382E-467B-A479-AD643736BD12}.Release|Any CPU.ActiveCfg = Release|Any CPU
		{8ACB1DA8-382E-467B-A479-AD643736BD12}.Release|Any CPU.Build.0 = Release|Any CPU
		{AA5B680F-5E7D-4E50-993A-C529D18E5043}.Debug|Any CPU.ActiveCfg = Debug|Any CPU
		{AA5B680F-5E7D-4E50-993A-C529D18E5043}.Debug|Any CPU.Build.0 = Debug|Any CPU
		{AA5B680F-5E7D-4E50-993A-C529D18E5043}.Release|Any CPU.ActiveCfg = Release|Any CPU
		{AA5B680F-5E7D-4E50-993A-C529D18E5043}.Release|Any CPU.Build.0 = Release|Any CPU
		{617FC74D-4603-4EDA-807E-31D8AB075E3E}.Debug|Any CPU.ActiveCfg = Debug|Any CPU
		{617FC74D-4603-4EDA-807E-31D8AB075E3E}.Debug|Any CPU.Build.0 = Debug|Any CPU
		{617FC74D-4603-4EDA-807E-31D8AB075E3E}.Release|Any CPU.ActiveCfg = Release|Any CPU
		{617FC74D-4603-4EDA-807E-31D8AB075E3E}.Release|Any CPU.Build.0 = Release|Any CPU
		{DEC3382D-28AB-4BF2-B3FF-770C0B61F865}.Debug|Any CPU.ActiveCfg = Debug|Any CPU
		{DEC3382D-28AB-4BF2-B3FF-770C0B61F865}.Debug|Any CPU.Build.0 = Debug|Any CPU
		{DEC3382D-28AB-4BF2-B3FF-770C0B61F865}.Release|Any CPU.ActiveCfg = Release|Any CPU
		{DEC3382D-28AB-4BF2-B3FF-770C0B61F865}.Release|Any CPU.Build.0 = Release|Any CPU
	EndGlobalSection
	GlobalSection(SolutionProperties) = preSolution
		HideSolutionNode = FALSE
	EndGlobalSection
	GlobalSection(ExtensibilityGlobals) = postSolution
		SolutionGuid = {DBBDB421-F258-4D67-A574-E3C276173999}
	EndGlobalSection
EndGlobal
